
Microsoft Visual Studio Solution File, Format Version 12.00
# Visual Studio Version 16
VisualStudioVersion = 16.0.30711.63
MinimumVisualStudioVersion = 10.0.40219.1
Project("{9A19103F-16F7-4668-BE54-9A1E7A4F7556}") = "AuthService", "AuthService\AuthService.csproj", "{F99378EF-7434-4018-88B2-033B85F5555E}"
EndProject
Project("{FAE04EC0-301F-11D3-BF4B-00C04F79EFBC}") = "AuthServiceTest", "AuthServiceTest\AuthServiceTest.csproj", "{1AD12825-6645-4560-8EDC-2BFCE657223D}"
EndProject
Global
	GlobalSection(SolutionConfigurationPlatforms) = preSolution
		Debug|Any CPU = Debug|Any CPU
		Release|Any CPU = Release|Any CPU
	EndGlobalSection
	GlobalSection(ProjectConfigurationPlatforms) = postSolution
		{F99378EF-7434-4018-88B2-033B85F5555E}.Debug|Any CPU.ActiveCfg = Debug|Any CPU
		{F99378EF-7434-4018-88B2-033B85F5555E}.Debug|Any CPU.Build.0 = Debug|Any CPU
		{F99378EF-7434-4018-88B2-033B85F5555E}.Release|Any CPU.ActiveCfg = Release|Any CPU
		{F99378EF-7434-4018-88B2-033B85F5555E}.Release|Any CPU.Build.0 = Release|Any CPU
		{1AD12825-6645-4560-8EDC-2BFCE657223D}.Debug|Any CPU.ActiveCfg = Debug|Any CPU
		{1AD12825-6645-4560-8EDC-2BFCE657223D}.Debug|Any CPU.Build.0 = Debug|Any CPU
		{1AD12825-6645-4560-8EDC-2BFCE657223D}.Release|Any CPU.ActiveCfg = Release|Any CPU
		{1AD12825-6645-4560-8EDC-2BFCE657223D}.Release|Any CPU.Build.0 = Release|Any CPU
	EndGlobalSection
	GlobalSection(SolutionProperties) = preSolution
		HideSolutionNode = FALSE
	EndGlobalSection
	GlobalSection(ExtensibilityGlobals) = postSolution
		SolutionGuid = {87488854-1644-438D-96BC-B1E368B42F83}
	EndGlobalSection
EndGlobal
